// !$*UTF8*$!
{
	archiveVersion = 1;
	classes = {
	};
	objectVersion = 46;
	objects = {

/* Begin PBXBuildFile section */
		14CBEF821EB00B2200D49E3C /* PostController.swift in Sources */ = {isa = PBXBuildFile; fileRef = 14CBEF811EB00B2200D49E3C /* PostController.swift */; };
		14CBEF841EB00B9D00D49E3C /* PostsViewController.swift in Sources */ = {isa = PBXBuildFile; fileRef = 14CBEF831EB00B9D00D49E3C /* PostsViewController.swift */; };
		14CBEF871EB00E2C00D49E3C /* PostTableViewCell.swift in Sources */ = {isa = PBXBuildFile; fileRef = 14CBEF861EB00E2C00D49E3C /* PostTableViewCell.swift */; };
		14DADCB31EAFE5D700AE7ACD /* AppDelegate.swift in Sources */ = {isa = PBXBuildFile; fileRef = 14DADCB21EAFE5D700AE7ACD /* AppDelegate.swift */; };
		14DADCB81EAFE5D700AE7ACD /* Main.storyboard in Resources */ = {isa = PBXBuildFile; fileRef = 14DADCB61EAFE5D700AE7ACD /* Main.storyboard */; };
		14DADCBB1EAFE5D700AE7ACD /* BlogDemo.xcdatamodeld in Sources */ = {isa = PBXBuildFile; fileRef = 14DADCB91EAFE5D700AE7ACD /* BlogDemo.xcdatamodeld */; };
		14DADCBD1EAFE5D700AE7ACD /* Assets.xcassets in Resources */ = {isa = PBXBuildFile; fileRef = 14DADCBC1EAFE5D700AE7ACD /* Assets.xcassets */; };
		14DADCC01EAFE5D700AE7ACD /* LaunchScreen.storyboard in Resources */ = {isa = PBXBuildFile; fileRef = 14DADCBE1EAFE5D700AE7ACD /* LaunchScreen.storyboard */; };
		14DADCCB1EAFE5D700AE7ACD /* BlogDemoTests.swift in Sources */ = {isa = PBXBuildFile; fileRef = 14DADCCA1EAFE5D700AE7ACD /* BlogDemoTests.swift */; };
		14DADCD71EAFE8E100AE7ACD /* RequestService.swift in Sources */ = {isa = PBXBuildFile; fileRef = 14DADCD61EAFE8E100AE7ACD /* RequestService.swift */; };
		14DADCD91EAFEA6A00AE7ACD /* RequestFactory.swift in Sources */ = {isa = PBXBuildFile; fileRef = 14DADCD81EAFEA6A00AE7ACD /* RequestFactory.swift */; };
		14DADCDB1EAFEC6300AE7ACD /* Result.swift in Sources */ = {isa = PBXBuildFile; fileRef = 14DADCDA1EAFEC6300AE7ACD /* Result.swift */; };
		14DADCDD1EAFF0B900AE7ACD /* ErrorResult.swift in Sources */ = {isa = PBXBuildFile; fileRef = 14DADCDC1EAFF0B900AE7ACD /* ErrorResult.swift */; };
		14DADCE11EAFF91F00AE7ACD /* Post.swift in Sources */ = {isa = PBXBuildFile; fileRef = 14DADCE01EAFF91F00AE7ACD /* Post.swift */; };
		14DADCE31EAFFA1000AE7ACD /* ParserHelper.swift in Sources */ = {isa = PBXBuildFile; fileRef = 14DADCE21EAFFA1000AE7ACD /* ParserHelper.swift */; };
		14E3FEF31EB13B59004AB404 /* LogHelper.swift in Sources */ = {isa = PBXBuildFile; fileRef = 14E3FEF21EB13B59004AB404 /* LogHelper.swift */; };
		14E3FEF81EB14529004AB404 /* Localizable.strings in Resources */ = {isa = PBXBuildFile; fileRef = 14E3FEFA1EB14529004AB404 /* Localizable.strings */; };
		14E6ACF41EB116F300796664 /* Reachability.swift in Sources */ = {isa = PBXBuildFile; fileRef = 14E6ACF31EB116F300796664 /* Reachability.swift */; };
		14E6ACF61EB11AFF00796664 /* PostDetailViewController.swift in Sources */ = {isa = PBXBuildFile; fileRef = 14E6ACF51EB11AFF00796664 /* PostDetailViewController.swift */; };
		14F638AF1EB0805E000E1856 /* UserController.swift in Sources */ = {isa = PBXBuildFile; fileRef = 14F638AE1EB0805E000E1856 /* UserController.swift */; };
		14F638B11EB0808D000E1856 /* User.swift in Sources */ = {isa = PBXBuildFile; fileRef = 14F638B01EB0808D000E1856 /* User.swift */; };
		14F638B31EB081D1000E1856 /* Comment.swift in Sources */ = {isa = PBXBuildFile; fileRef = 14F638B21EB081D1000E1856 /* Comment.swift */; };
		14F638B51EB08BF0000E1856 /* CommentController.swift in Sources */ = {isa = PBXBuildFile; fileRef = 14F638B41EB08BF0000E1856 /* CommentController.swift */; };
		14F638B71EB0904D000E1856 /* RequestHandler.swift in Sources */ = {isa = PBXBuildFile; fileRef = 14F638B61EB0904D000E1856 /* RequestHandler.swift */; };
/* End PBXBuildFile section */

/* Begin PBXContainerItemProxy section */
		14DADCC71EAFE5D700AE7ACD /* PBXContainerItemProxy */ = {
			isa = PBXContainerItemProxy;
			containerPortal = 14DADCA71EAFE5D700AE7ACD /* Project object */;
			proxyType = 1;
			remoteGlobalIDString = 14DADCAE1EAFE5D700AE7ACD;
			remoteInfo = BlogDemo;
		};
/* End PBXContainerItemProxy section */

/* Begin PBXFileReference section */
		14CBEF811EB00B2200D49E3C /* PostController.swift */ = {isa = PBXFileReference; fileEncoding = 4; lastKnownFileType = sourcecode.swift; name = PostController.swift; path = Controller/PostController.swift; sourceTree = "<group>"; };
		14CBEF831EB00B9D00D49E3C /* PostsViewController.swift */ = {isa = PBXFileReference; fileEncoding = 4; lastKnownFileType = sourcecode.swift; name = PostsViewController.swift; path = Controller/PostsViewController.swift; sourceTree = "<group>"; };
		14CBEF861EB00E2C00D49E3C /* PostTableViewCell.swift */ = {isa = PBXFileReference; fileEncoding = 4; lastKnownFileType = sourcecode.swift; name = PostTableViewCell.swift; path = View/PostTableViewCell.swift; sourceTree = "<group>"; };
		14DADCAF1EAFE5D700AE7ACD /* BlogDemo.app */ = {isa = PBXFileReference; explicitFileType = wrapper.application; includeInIndex = 0; path = BlogDemo.app; sourceTree = BUILT_PRODUCTS_DIR; };
		14DADCB21EAFE5D700AE7ACD /* AppDelegate.swift */ = {isa = PBXFileReference; lastKnownFileType = sourcecode.swift; path = AppDelegate.swift; sourceTree = "<group>"; };
		14DADCB71EAFE5D700AE7ACD /* Base */ = {isa = PBXFileReference; lastKnownFileType = file.storyboard; name = Base; path = Base.lproj/Main.storyboard; sourceTree = "<group>"; };
		14DADCBA1EAFE5D700AE7ACD /* BlogDemo.xcdatamodel */ = {isa = PBXFileReference; lastKnownFileType = wrapper.xcdatamodel; path = BlogDemo.xcdatamodel; sourceTree = "<group>"; };
		14DADCBC1EAFE5D700AE7ACD /* Assets.xcassets */ = {isa = PBXFileReference; lastKnownFileType = folder.assetcatalog; path = Assets.xcassets; sourceTree = "<group>"; };
		14DADCBF1EAFE5D700AE7ACD /* Base */ = {isa = PBXFileReference; lastKnownFileType = file.storyboard; name = Base; path = Base.lproj/LaunchScreen.storyboard; sourceTree = "<group>"; };
		14DADCC11EAFE5D700AE7ACD /* Info.plist */ = {isa = PBXFileReference; lastKnownFileType = text.plist.xml; path = Info.plist; sourceTree = "<group>"; };
		14DADCC61EAFE5D700AE7ACD /* BlogDemoTests.xctest */ = {isa = PBXFileReference; explicitFileType = wrapper.cfbundle; includeInIndex = 0; path = BlogDemoTests.xctest; sourceTree = BUILT_PRODUCTS_DIR; };
		14DADCCA1EAFE5D700AE7ACD /* BlogDemoTests.swift */ = {isa = PBXFileReference; lastKnownFileType = sourcecode.swift; path = BlogDemoTests.swift; sourceTree = "<group>"; };
		14DADCCC1EAFE5D700AE7ACD /* Info.plist */ = {isa = PBXFileReference; lastKnownFileType = text.plist.xml; path = Info.plist; sourceTree = "<group>"; };
		14DADCD61EAFE8E100AE7ACD /* RequestService.swift */ = {isa = PBXFileReference; fileEncoding = 4; lastKnownFileType = sourcecode.swift; name = RequestService.swift; path = Service/RequestService.swift; sourceTree = "<group>"; };
		14DADCD81EAFEA6A00AE7ACD /* RequestFactory.swift */ = {isa = PBXFileReference; fileEncoding = 4; lastKnownFileType = sourcecode.swift; name = RequestFactory.swift; path = Service/RequestFactory.swift; sourceTree = "<group>"; };
		14DADCDA1EAFEC6300AE7ACD /* Result.swift */ = {isa = PBXFileReference; fileEncoding = 4; lastKnownFileType = sourcecode.swift; name = Result.swift; path = Service/Result.swift; sourceTree = "<group>"; };
		14DADCDC1EAFF0B900AE7ACD /* ErrorResult.swift */ = {isa = PBXFileReference; fileEncoding = 4; lastKnownFileType = sourcecode.swift; path = ErrorResult.swift; sourceTree = "<group>"; };
		14DADCE01EAFF91F00AE7ACD /* Post.swift */ = {isa = PBXFileReference; fileEncoding = 4; lastKnownFileType = sourcecode.swift; name = Post.swift; path = Model/Post.swift; sourceTree = "<group>"; };
		14DADCE21EAFFA1000AE7ACD /* ParserHelper.swift */ = {isa = PBXFileReference; fileEncoding = 4; lastKnownFileType = sourcecode.swift; name = ParserHelper.swift; path = Model/ParserHelper.swift; sourceTree = "<group>"; };
		14E3FEF21EB13B59004AB404 /* LogHelper.swift */ = {isa = PBXFileReference; fileEncoding = 4; lastKnownFileType = sourcecode.swift; name = LogHelper.swift; path = Resources/LogHelper.swift; sourceTree = "<group>"; };
		14E3FEF71EB14521004AB404 /* fr */ = {isa = PBXFileReference; lastKnownFileType = text.plist.strings; name = fr; path = fr.lproj/LaunchScreen.strings; sourceTree = "<group>"; };
		14E3FEF91EB14529004AB404 /* Base */ = {isa = PBXFileReference; lastKnownFileType = text.plist.strings; name = Base; path = Base.lproj/Localizable.strings; sourceTree = "<group>"; };
		14E3FEFC1EB14535004AB404 /* fr */ = {isa = PBXFileReference; lastKnownFileType = text.plist.strings; name = fr; path = fr.lproj/Localizable.strings; sourceTree = "<group>"; };
		14E6ACF31EB116F300796664 /* Reachability.swift */ = {isa = PBXFileReference; fileEncoding = 4; lastKnownFileType = sourcecode.swift; name = Reachability.swift; path = Resources/Reachability.swift; sourceTree = "<group>"; };
		14E6ACF51EB11AFF00796664 /* PostDetailViewController.swift */ = {isa = PBXFileReference; fileEncoding = 4; lastKnownFileType = sourcecode.swift; name = PostDetailViewController.swift; path = Controller/PostDetailViewController.swift; sourceTree = "<group>"; };
		14F638AE1EB0805E000E1856 /* UserController.swift */ = {isa = PBXFileReference; fileEncoding = 4; lastKnownFileType = sourcecode.swift; name = UserController.swift; path = Controller/UserController.swift; sourceTree = "<group>"; };
		14F638B01EB0808D000E1856 /* User.swift */ = {isa = PBXFileReference; fileEncoding = 4; lastKnownFileType = sourcecode.swift; name = User.swift; path = Model/User.swift; sourceTree = "<group>"; };
		14F638B21EB081D1000E1856 /* Comment.swift */ = {isa = PBXFileReference; fileEncoding = 4; lastKnownFileType = sourcecode.swift; name = Comment.swift; path = Model/Comment.swift; sourceTree = "<group>"; };
		14F638B41EB08BF0000E1856 /* CommentController.swift */ = {isa = PBXFileReference; fileEncoding = 4; lastKnownFileType = sourcecode.swift; name = CommentController.swift; path = Controller/CommentController.swift; sourceTree = "<group>"; };
		14F638B61EB0904D000E1856 /* RequestHandler.swift */ = {isa = PBXFileReference; fileEncoding = 4; lastKnownFileType = sourcecode.swift; name = RequestHandler.swift; path = Service/RequestHandler.swift; sourceTree = "<group>"; };
/* End PBXFileReference section */

/* Begin PBXFrameworksBuildPhase section */
		14DADCAC1EAFE5D700AE7ACD /* Frameworks */ = {
			isa = PBXFrameworksBuildPhase;
			buildActionMask = 2147483647;
			files = (
			);
			runOnlyForDeploymentPostprocessing = 0;
		};
		14DADCC31EAFE5D700AE7ACD /* Frameworks */ = {
			isa = PBXFrameworksBuildPhase;
			buildActionMask = 2147483647;
			files = (
			);
			runOnlyForDeploymentPostprocessing = 0;
		};
/* End PBXFrameworksBuildPhase section */

/* Begin PBXGroup section */
		14CBEF851EB00E0900D49E3C /* Views */ = {
			isa = PBXGroup;
			children = (
				14CBEF861EB00E2C00D49E3C /* PostTableViewCell.swift */,
			);
			name = Views;
			sourceTree = "<group>";
		};
		14DADCA61EAFE5D700AE7ACD = {
			isa = PBXGroup;
			children = (
				14DADCB11EAFE5D700AE7ACD /* BlogDemo */,
				14DADCC91EAFE5D700AE7ACD /* BlogDemoTests */,
				14DADCB01EAFE5D700AE7ACD /* Products */,
			);
			sourceTree = "<group>";
		};
		14DADCB01EAFE5D700AE7ACD /* Products */ = {
			isa = PBXGroup;
			children = (
				14DADCAF1EAFE5D700AE7ACD /* BlogDemo.app */,
				14DADCC61EAFE5D700AE7ACD /* BlogDemoTests.xctest */,
			);
			name = Products;
			sourceTree = "<group>";
		};
		14DADCB11EAFE5D700AE7ACD /* BlogDemo */ = {
			isa = PBXGroup;
			children = (
				14E6ACF21EB116DC00796664 /* Resources */,
				14CBEF851EB00E0900D49E3C /* Views */,
				14DADCDF1EAFF88A00AE7ACD /* Models */,
				14DADCDE1EAFF6B000AE7ACD /* Controllers */,
				14DADCD51EAFE61100AE7ACD /* Services */,
				14DADCB21EAFE5D700AE7ACD /* AppDelegate.swift */,
				14DADCB61EAFE5D700AE7ACD /* Main.storyboard */,
				14DADCBC1EAFE5D700AE7ACD /* Assets.xcassets */,
				14DADCBE1EAFE5D700AE7ACD /* LaunchScreen.storyboard */,
				14DADCC11EAFE5D700AE7ACD /* Info.plist */,
				14DADCB91EAFE5D700AE7ACD /* BlogDemo.xcdatamodeld */,
			);
			path = BlogDemo;
			sourceTree = "<group>";
		};
		14DADCC91EAFE5D700AE7ACD /* BlogDemoTests */ = {
			isa = PBXGroup;
			children = (
				14DADCCA1EAFE5D700AE7ACD /* BlogDemoTests.swift */,
				14DADCCC1EAFE5D700AE7ACD /* Info.plist */,
			);
			path = BlogDemoTests;
			sourceTree = "<group>";
		};
		14DADCD51EAFE61100AE7ACD /* Services */ = {
			isa = PBXGroup;
			children = (
				14F638BA1EB0908D000E1856 /* Parser */,
				14F638B81EB0906A000E1856 /* Result */,
				14DADCD61EAFE8E100AE7ACD /* RequestService.swift */,
				14DADCD81EAFEA6A00AE7ACD /* RequestFactory.swift */,
				14F638B61EB0904D000E1856 /* RequestHandler.swift */,
			);
			name = Services;
			sourceTree = "<group>";
		};
		14DADCDE1EAFF6B000AE7ACD /* Controllers */ = {
			isa = PBXGroup;
			children = (
				14F638B91EB0907C000E1856 /* ViewControllers */,
				14CBEF811EB00B2200D49E3C /* PostController.swift */,
				14F638AE1EB0805E000E1856 /* UserController.swift */,
				14F638B41EB08BF0000E1856 /* CommentController.swift */,
			);
			name = Controllers;
			sourceTree = "<group>";
		};
		14DADCDF1EAFF88A00AE7ACD /* Models */ = {
			isa = PBXGroup;
			children = (
				14DADCE01EAFF91F00AE7ACD /* Post.swift */,
				14F638B01EB0808D000E1856 /* User.swift */,
				14F638B21EB081D1000E1856 /* Comment.swift */,
			);
			name = Models;
			sourceTree = "<group>";
		};
		14E6ACF21EB116DC00796664 /* Resources */ = {
			isa = PBXGroup;
			children = (
				14E6ACF31EB116F300796664 /* Reachability.swift */,
				14E3FEF21EB13B59004AB404 /* LogHelper.swift */,
				14E3FEFA1EB14529004AB404 /* Localizable.strings */,
			);
			name = Resources;
			sourceTree = "<group>";
		};
		14F638B81EB0906A000E1856 /* Result */ = {
			isa = PBXGroup;
			children = (
				14DADCDA1EAFEC6300AE7ACD /* Result.swift */,
				14DADCDC1EAFF0B900AE7ACD /* ErrorResult.swift */,
			);
			name = Result;
			sourceTree = "<group>";
		};
		14F638B91EB0907C000E1856 /* ViewControllers */ = {
			isa = PBXGroup;
			children = (
				14CBEF831EB00B9D00D49E3C /* PostsViewController.swift */,
				14E6ACF51EB11AFF00796664 /* PostDetailViewController.swift */,
			);
			name = ViewControllers;
			sourceTree = "<group>";
		};
		14F638BA1EB0908D000E1856 /* Parser */ = {
			isa = PBXGroup;
			children = (
				14DADCE21EAFFA1000AE7ACD /* ParserHelper.swift */,
			);
			name = Parser;
			sourceTree = "<group>";
		};
/* End PBXGroup section */

/* Begin PBXNativeTarget section */
		14DADCAE1EAFE5D700AE7ACD /* BlogDemo */ = {
			isa = PBXNativeTarget;
			buildConfigurationList = 14DADCCF1EAFE5D700AE7ACD /* Build configuration list for PBXNativeTarget "BlogDemo" */;
			buildPhases = (
				14DADCAB1EAFE5D700AE7ACD /* Sources */,
				14DADCAC1EAFE5D700AE7ACD /* Frameworks */,
				14DADCAD1EAFE5D700AE7ACD /* Resources */,
			);
			buildRules = (
			);
			dependencies = (
			);
			name = BlogDemo;
			productName = BlogDemo;
			productReference = 14DADCAF1EAFE5D700AE7ACD /* BlogDemo.app */;
			productType = "com.apple.product-type.application";
		};
		14DADCC51EAFE5D700AE7ACD /* BlogDemoTests */ = {
			isa = PBXNativeTarget;
			buildConfigurationList = 14DADCD21EAFE5D700AE7ACD /* Build configuration list for PBXNativeTarget "BlogDemoTests" */;
			buildPhases = (
				14DADCC21EAFE5D700AE7ACD /* Sources */,
				14DADCC31EAFE5D700AE7ACD /* Frameworks */,
				14DADCC41EAFE5D700AE7ACD /* Resources */,
			);
			buildRules = (
			);
			dependencies = (
				14DADCC81EAFE5D700AE7ACD /* PBXTargetDependency */,
			);
			name = BlogDemoTests;
			productName = BlogDemoTests;
			productReference = 14DADCC61EAFE5D700AE7ACD /* BlogDemoTests.xctest */;
			productType = "com.apple.product-type.bundle.unit-test";
		};
/* End PBXNativeTarget section */

/* Begin PBXProject section */
		14DADCA71EAFE5D700AE7ACD /* Project object */ = {
			isa = PBXProject;
			attributes = {
				LastSwiftUpdateCheck = 0820;
				LastUpgradeCheck = 0820;
				ORGANIZATIONNAME = "Benoit PASQUIER";
				TargetAttributes = {
					14DADCAE1EAFE5D700AE7ACD = {
						CreatedOnToolsVersion = 8.2.1;
						DevelopmentTeam = XG3URJ46HG;
						ProvisioningStyle = Automatic;
					};
					14DADCC51EAFE5D700AE7ACD = {
						CreatedOnToolsVersion = 8.2.1;
						ProvisioningStyle = Automatic;
						TestTargetID = 14DADCAE1EAFE5D700AE7ACD;
					};
				};
			};
			buildConfigurationList = 14DADCAA1EAFE5D700AE7ACD /* Build configuration list for PBXProject "BlogDemo" */;
			compatibilityVersion = "Xcode 3.2";
			developmentRegion = English;
			hasScannedForEncodings = 0;
			knownRegions = (
				en,
				Base,
				fr,
			);
			mainGroup = 14DADCA61EAFE5D700AE7ACD;
			productRefGroup = 14DADCB01EAFE5D700AE7ACD /* Products */;
			projectDirPath = "";
			projectRoot = "";
			targets = (
				14DADCAE1EAFE5D700AE7ACD /* BlogDemo */,
				14DADCC51EAFE5D700AE7ACD /* BlogDemoTests */,
			);
		};
/* End PBXProject section */

/* Begin PBXResourcesBuildPhase section */
		14DADCAD1EAFE5D700AE7ACD /* Resources */ = {
			isa = PBXResourcesBuildPhase;
			buildActionMask = 2147483647;
			files = (
				14DADCC01EAFE5D700AE7ACD /* LaunchScreen.storyboard in Resources */,
				14E3FEF81EB14529004AB404 /* Localizable.strings in Resources */,
				14DADCBD1EAFE5D700AE7ACD /* Assets.xcassets in Resources */,
				14DADCB81EAFE5D700AE7ACD /* Main.storyboard in Resources */,
			);
			runOnlyForDeploymentPostprocessing = 0;
		};
		14DADCC41EAFE5D700AE7ACD /* Resources */ = {
			isa = PBXResourcesBuildPhase;
			buildActionMask = 2147483647;
			files = (
			);
			runOnlyForDeploymentPostprocessing = 0;
		};
/* End PBXResourcesBuildPhase section */

/* Begin PBXSourcesBuildPhase section */
		14DADCAB1EAFE5D700AE7ACD /* Sources */ = {
			isa = PBXSourcesBuildPhase;
			buildActionMask = 2147483647;
			files = (
				14F638B11EB0808D000E1856 /* User.swift in Sources */,
				14CBEF871EB00E2C00D49E3C /* PostTableViewCell.swift in Sources */,
				14DADCDB1EAFEC6300AE7ACD /* Result.swift in Sources */,
				14F638B31EB081D1000E1856 /* Comment.swift in Sources */,
				14DADCD91EAFEA6A00AE7ACD /* RequestFactory.swift in Sources */,
				14DADCE11EAFF91F00AE7ACD /* Post.swift in Sources */,
				14E6ACF41EB116F300796664 /* Reachability.swift in Sources */,
				14F638B71EB0904D000E1856 /* RequestHandler.swift in Sources */,
				14DADCDD1EAFF0B900AE7ACD /* ErrorResult.swift in Sources */,
				14CBEF841EB00B9D00D49E3C /* PostsViewController.swift in Sources */,
				14F638AF1EB0805E000E1856 /* UserController.swift in Sources */,
				14CBEF821EB00B2200D49E3C /* PostController.swift in Sources */,
				14DADCE31EAFFA1000AE7ACD /* ParserHelper.swift in Sources */,
				14E6ACF61EB11AFF00796664 /* PostDetailViewController.swift in Sources */,
				14E3FEF31EB13B59004AB404 /* LogHelper.swift in Sources */,
				14DADCB31EAFE5D700AE7ACD /* AppDelegate.swift in Sources */,
				14DADCBB1EAFE5D700AE7ACD /* BlogDemo.xcdatamodeld in Sources */,
				14DADCD71EAFE8E100AE7ACD /* RequestService.swift in Sources */,
				14F638B51EB08BF0000E1856 /* CommentController.swift in Sources */,
			);
			runOnlyForDeploymentPostprocessing = 0;
		};
		14DADCC21EAFE5D700AE7ACD /* Sources */ = {
			isa = PBXSourcesBuildPhase;
			buildActionMask = 2147483647;
			files = (
				14DADCCB1EAFE5D700AE7ACD /* BlogDemoTests.swift in Sources */,
			);
			runOnlyForDeploymentPostprocessing = 0;
		};
/* End PBXSourcesBuildPhase section */

/* Begin PBXTargetDependency section */
		14DADCC81EAFE5D700AE7ACD /* PBXTargetDependency */ = {
			isa = PBXTargetDependency;
			target = 14DADCAE1EAFE5D700AE7ACD /* BlogDemo */;
			targetProxy = 14DADCC71EAFE5D700AE7ACD /* PBXContainerItemProxy */;
		};
/* End PBXTargetDependency section */

/* Begin PBXVariantGroup section */
		14DADCB61EAFE5D700AE7ACD /* Main.storyboard */ = {
			isa = PBXVariantGroup;
			children = (
				14DADCB71EAFE5D700AE7ACD /* Base */,
			);
			name = Main.storyboard;
			sourceTree = "<group>";
		};
		14DADCBE1EAFE5D700AE7ACD /* LaunchScreen.storyboard */ = {
			isa = PBXVariantGroup;
			children = (
				14DADCBF1EAFE5D700AE7ACD /* Base */,
				14E3FEF71EB14521004AB404 /* fr */,
			);
			name = LaunchScreen.storyboard;
			sourceTree = "<group>";
		};
		14E3FEFA1EB14529004AB404 /* Localizable.strings */ = {
			isa = PBXVariantGroup;
			children = (
				14E3FEF91EB14529004AB404 /* Base */,
				14E3FEFC1EB14535004AB404 /* fr */,
			);
			name = Localizable.strings;
			path = Resources;
			sourceTree = "<group>";
		};
/* End PBXVariantGroup section */

/* Begin XCBuildConfiguration section */
		14DADCCD1EAFE5D700AE7ACD /* Debug */ = {
			isa = XCBuildConfiguration;
			buildSettings = {
				ALWAYS_SEARCH_USER_PATHS = NO;
				CLANG_ANALYZER_LOCALIZABILITY_NONLOCALIZED = YES;
				CLANG_ANALYZER_NONNULL = YES;
				CLANG_CXX_LANGUAGE_STANDARD = "gnu++0x";
				CLANG_CXX_LIBRARY = "libc++";
				CLANG_ENABLE_MODULES = YES;
				CLANG_ENABLE_OBJC_ARC = YES;
				CLANG_WARN_BOOL_CONVERSION = YES;
				CLANG_WARN_CONSTANT_CONVERSION = YES;
				CLANG_WARN_DIRECT_OBJC_ISA_USAGE = YES_ERROR;
				CLANG_WARN_DOCUMENTATION_COMMENTS = YES;
				CLANG_WARN_EMPTY_BODY = YES;
				CLANG_WARN_ENUM_CONVERSION = YES;
				CLANG_WARN_INFINITE_RECURSION = YES;
				CLANG_WARN_INT_CONVERSION = YES;
				CLANG_WARN_OBJC_ROOT_CLASS = YES_ERROR;
				CLANG_WARN_SUSPICIOUS_MOVE = YES;
				CLANG_WARN_UNREACHABLE_CODE = YES;
				CLANG_WARN__DUPLICATE_METHOD_MATCH = YES;
				"CODE_SIGN_IDENTITY[sdk=iphoneos*]" = "iPhone Developer";
				COPY_PHASE_STRIP = NO;
				DEBUG_INFORMATION_FORMAT = dwarf;
				ENABLE_STRICT_OBJC_MSGSEND = YES;
				ENABLE_TESTABILITY = YES;
				GCC_C_LANGUAGE_STANDARD = gnu99;
				GCC_DYNAMIC_NO_PIC = NO;
				GCC_NO_COMMON_BLOCKS = YES;
				GCC_OPTIMIZATION_LEVEL = 0;
				GCC_PREPROCESSOR_DEFINITIONS = (
					"DEBUG=1",
					"$(inherited)",
				);
				GCC_WARN_64_TO_32_BIT_CONVERSION = YES;
				GCC_WARN_ABOUT_RETURN_TYPE = YES_ERROR;
				GCC_WARN_UNDECLARED_SELECTOR = YES;
				GCC_WARN_UNINITIALIZED_AUTOS = YES_AGGRESSIVE;
				GCC_WARN_UNUSED_FUNCTION = YES;
				GCC_WARN_UNUSED_VARIABLE = YES;
				IPHONEOS_DEPLOYMENT_TARGET = 10.0;
				MTL_ENABLE_DEBUG_INFO = YES;
				ONLY_ACTIVE_ARCH = YES;
				SDKROOT = iphoneos;
				SWIFT_ACTIVE_COMPILATION_CONDITIONS = DEBUG;
				SWIFT_OPTIMIZATION_LEVEL = "-Onone";
			};
			name = Debug;
		};
		14DADCCE1EAFE5D700AE7ACD /* Release */ = {
			isa = XCBuildConfiguration;
			buildSettings = {
				ALWAYS_SEARCH_USER_PATHS = NO;
				CLANG_ANALYZER_LOCALIZABILITY_NONLOCALIZED = YES;
				CLANG_ANALYZER_NONNULL = YES;
				CLANG_CXX_LANGUAGE_STANDARD = "gnu++0x";
				CLANG_CXX_LIBRARY = "libc++";
				CLANG_ENABLE_MODULES = YES;
				CLANG_ENABLE_OBJC_ARC = YES;
				CLANG_WARN_BOOL_CONVERSION = YES;
				CLANG_WARN_CONSTANT_CONVERSION = YES;
				CLANG_WARN_DIRECT_OBJC_ISA_USAGE = YES_ERROR;
				CLANG_WARN_DOCUMENTATION_COMMENTS = YES;
				CLANG_WARN_EMPTY_BODY = YES;
				CLANG_WARN_ENUM_CONVERSION = YES;
				CLANG_WARN_INFINITE_RECURSION = YES;
				CLANG_WARN_INT_CONVERSION = YES;
				CLANG_WARN_OBJC_ROOT_CLASS = YES_ERROR;
				CLANG_WARN_SUSPICIOUS_MOVE = YES;
				CLANG_WARN_UNREACHABLE_CODE = YES;
				CLANG_WARN__DUPLICATE_METHOD_MATCH = YES;
				"CODE_SIGN_IDENTITY[sdk=iphoneos*]" = "iPhone Developer";
				COPY_PHASE_STRIP = NO;
				DEBUG_INFORMATION_FORMAT = "dwarf-with-dsym";
				ENABLE_NS_ASSERTIONS = NO;
				ENABLE_STRICT_OBJC_MSGSEND = YES;
				GCC_C_LANGUAGE_STANDARD = gnu99;
				GCC_NO_COMMON_BLOCKS = YES;
				GCC_WARN_64_TO_32_BIT_CONVERSION = YES;
				GCC_WARN_ABOUT_RETURN_TYPE = YES_ERROR;
				GCC_WARN_UNDECLARED_SELECTOR = YES;
				GCC_WARN_UNINITIALIZED_AUTOS = YES_AGGRESSIVE;
				GCC_WARN_UNUSED_FUNCTION = YES;
				GCC_WARN_UNUSED_VARIABLE = YES;
				IPHONEOS_DEPLOYMENT_TARGET = 10.0;
				MTL_ENABLE_DEBUG_INFO = NO;
				SDKROOT = iphoneos;
				SWIFT_OPTIMIZATION_LEVEL = "-Owholemodule";
				VALIDATE_PRODUCT = YES;
			};
			name = Release;
		};
		14DADCD01EAFE5D700AE7ACD /* Debug */ = {
			isa = XCBuildConfiguration;
			buildSettings = {
				ASSETCATALOG_COMPILER_APPICON_NAME = AppIcon;
				DEVELOPMENT_TEAM = XG3URJ46HG;
				INFOPLIST_FILE = BlogDemo/Info.plist;
				IPHONEOS_DEPLOYMENT_TARGET = 10.0;
				LD_RUNPATH_SEARCH_PATHS = "$(inherited) @executable_path/Frameworks";
				PRODUCT_BUNDLE_IDENTIFIER = fr.benoitpasquier.BlogDemo;
				PRODUCT_NAME = "$(TARGET_NAME)";
				SWIFT_VERSION = 3.0;
			};
			name = Debug;
		};
		14DADCD11EAFE5D700AE7ACD /* Release */ = {
			isa = XCBuildConfiguration;
			buildSettings = {
				ASSETCATALOG_COMPILER_APPICON_NAME = AppIcon;
				DEVELOPMENT_TEAM = XG3URJ46HG;
				INFOPLIST_FILE = BlogDemo/Info.plist;
				IPHONEOS_DEPLOYMENT_TARGET = 10.0;
				LD_RUNPATH_SEARCH_PATHS = "$(inherited) @executable_path/Frameworks";
				PRODUCT_BUNDLE_IDENTIFIER = fr.benoitpasquier.BlogDemo;
				PRODUCT_NAME = "$(TARGET_NAME)";
				SWIFT_VERSION = 3.0;
			};
			name = Release;
		};
		14DADCD31EAFE5D700AE7ACD /* Debug */ = {
			isa = XCBuildConfiguration;
			buildSettings = {
				ALWAYS_EMBED_SWIFT_STANDARD_LIBRARIES = YES;
				BUNDLE_LOADER = "$(TEST_HOST)";
				INFOPLIST_FILE = BlogDemoTests/Info.plist;
				LD_RUNPATH_SEARCH_PATHS = "$(inherited) @executable_path/Frameworks @loader_path/Frameworks";
				PRODUCT_BUNDLE_IDENTIFIER = fr.benoitpasquier.BlogDemoTests;
				PRODUCT_NAME = "$(TARGET_NAME)";
				SWIFT_VERSION = 3.0;
				TEST_HOST = "$(BUILT_PRODUCTS_DIR)/BlogDemo.app/BlogDemo";
			};
			name = Debug;
		};
		14DADCD41EAFE5D700AE7ACD /* Release */ = {
			isa = XCBuildConfiguration;
			buildSettings = {
				ALWAYS_EMBED_SWIFT_STANDARD_LIBRARIES = YES;
				BUNDLE_LOADER = "$(TEST_HOST)";
				INFOPLIST_FILE = BlogDemoTests/Info.plist;
				LD_RUNPATH_SEARCH_PATHS = "$(inherited) @executable_path/Frameworks @loader_path/Frameworks";
				PRODUCT_BUNDLE_IDENTIFIER = fr.benoitpasquier.BlogDemoTests;
				PRODUCT_NAME = "$(TARGET_NAME)";
				SWIFT_VERSION = 3.0;
				TEST_HOST = "$(BUILT_PRODUCTS_DIR)/BlogDemo.app/BlogDemo";
			};
			name = Release;
		};
/* End XCBuildConfiguration section */

/* Begin XCConfigurationList section */
		14DADCAA1EAFE5D700AE7ACD /* Build configuration list for PBXProject "BlogDemo" */ = {
			isa = XCConfigurationList;
			buildConfigurations = (
				14DADCCD1EAFE5D700AE7ACD /* Debug */,
				14DADCCE1EAFE5D700AE7ACD /* Release */,
			);
			defaultConfigurationIsVisible = 0;
			defaultConfigurationName = Release;
		};
		14DADCCF1EAFE5D700AE7ACD /* Build configuration list for PBXNativeTarget "BlogDemo" */ = {
			isa = XCConfigurationList;
			buildConfigurations = (
				14DADCD01EAFE5D700AE7ACD /* Debug */,
				14DADCD11EAFE5D700AE7ACD /* Release */,
			);
			defaultConfigurationIsVisible = 0;
			defaultConfigurationName = Release;
		};
		14DADCD21EAFE5D700AE7ACD /* Build configuration list for PBXNativeTarget "BlogDemoTests" */ = {
			isa = XCConfigurationList;
			buildConfigurations = (
				14DADCD31EAFE5D700AE7ACD /* Debug */,
				14DADCD41EAFE5D700AE7ACD /* Release */,
			);
			defaultConfigurationIsVisible = 0;
			defaultConfigurationName = Release;
		};
/* End XCConfigurationList section */

/* Begin XCVersionGroup section */
		14DADCB91EAFE5D700AE7ACD /* BlogDemo.xcdatamodeld */ = {
			isa = XCVersionGroup;
			children = (
				14DADCBA1EAFE5D700AE7ACD /* BlogDemo.xcdatamodel */,
			);
			currentVersion = 14DADCBA1EAFE5D700AE7ACD /* BlogDemo.xcdatamodel */;
			path = BlogDemo.xcdatamodeld;
			sourceTree = "<group>";
			versionGroupType = wrapper.xcdatamodel;
		};
/* End XCVersionGroup section */
	};
	rootObject = 14DADCA71EAFE5D700AE7ACD /* Project object */;
}
